
Microsoft Visual Studio Solution File, Format Version 12.00
# Visual Studio Version 17
VisualStudioVersion = 17.3.32811.315
MinimumVisualStudioVersion = 10.0.40219.1
Project("{FAE04EC0-301F-11D3-BF4B-00C04F79EFBC}") = "CourseProject_OOP_Stage2", "CourseProject_OOP_Stage2\CourseProject_OOP_Stage2.csproj", "{AE2869A4-E2A8-4A36-9268-9FD0B42B4EC3}"
EndProject
Project("{FAE04EC0-301F-11D3-BF4B-00C04F79EFBC}") = "SerializationLibrary", "SerializationLibrary\SerializationLibrary.csproj", "{C87F4075-43CC-4194-BA28-C6DC49216762}"
EndProject
Global
	GlobalSection(SolutionConfigurationPlatforms) = preSolution
		Debug|Any CPU = Debug|Any CPU
		Release|Any CPU = Release|Any CPU
	EndGlobalSection
	GlobalSection(ProjectConfigurationPlatforms) = postSolution
		{AE2869A4-E2A8-4A36-9268-9FD0B42B4EC3}.Debug|Any CPU.ActiveCfg = Debug|Any CPU
		{AE2869A4-E2A8-4A36-9268-9FD0B42B4EC3}.Debug|Any CPU.Build.0 = Debug|Any CPU
		{AE2869A4-E2A8-4A36-9268-9FD0B42B4EC3}.Release|Any CPU.ActiveCfg = Release|Any CPU
		{AE2869A4-E2A8-4A36-9268-9FD0B42B4EC3}.Release|Any CPU.Build.0 = Release|Any CPU
		{C87F4075-43CC-4194-BA28-C6DC49216762}.Debug|Any CPU.ActiveCfg = Debug|Any CPU
		{C87F4075-43CC-4194-BA28-C6DC49216762}.Debug|Any CPU.Build.0 = Debug|Any CPU
		{C87F4075-43CC-4194-BA28-C6DC49216762}.Release|Any CPU.ActiveCfg = Release|Any CPU
		{C87F4075-43CC-4194-BA28-C6DC49216762}.Release|Any CPU.Build.0 = Release|Any CPU
	EndGlobalSection
	GlobalSection(SolutionProperties) = preSolution
		HideSolutionNode = FALSE
	EndGlobalSection
	GlobalSection(ExtensibilityGlobals) = postSolution
		SolutionGuid = {DD0159B3-89D5-4C2D-ADA1-16A08590EABA}
	EndGlobalSection
EndGlobal
